
Microsoft Visual Studio Solution File, Format Version 12.00
# Visual Studio Version 17
VisualStudioVersion = 17.5.33414.496
MinimumVisualStudioVersion = 10.0.40219.1
Project("{FAE04EC0-301F-11D3-BF4B-00C04F79EFBC}") = "Core", "Ilovemommy\Core.csproj", "{3482BF8D-5BFE-4DA3-93EB-F3B323139833}"
EndProject
Project("{FAE04EC0-301F-11D3-BF4B-00C04F79EFBC}") = "Lib", "Lib\Lib.csproj", "{ADA538C1-867E-4B76-9ABD-0BF924B2BFD6}"
EndProject
Project("{FAE04EC0-301F-11D3-BF4B-00C04F79EFBC}") = "Tests", "Test\Tests.csproj", "{FAF53962-AC19-4EED-AE9D-9501AABA3B15}"
EndProject
Global
	GlobalSection(SolutionConfigurationPlatforms) = preSolution
		Debug|Any CPU = Debug|Any CPU
		Release|Any CPU = Release|Any CPU
	EndGlobalSection
	GlobalSection(ProjectConfigurationPlatforms) = postSolution
		{3482BF8D-5BFE-4DA3-93EB-F3B323139833}.Debug|Any CPU.ActiveCfg = Debug|Any CPU
		{3482BF8D-5BFE-4DA3-93EB-F3B323139833}.Debug|Any CPU.Build.0 = Debug|Any CPU
		{3482BF8D-5BFE-4DA3-93EB-F3B323139833}.Release|Any CPU.ActiveCfg = Release|Any CPU
		{3482BF8D-5BFE-4DA3-93EB-F3B323139833}.Release|Any CPU.Build.0 = Release|Any CPU
		{ADA538C1-867E-4B76-9ABD-0BF924B2BFD6}.Debug|Any CPU.ActiveCfg = Debug|Any CPU
		{ADA538C1-867E-4B76-9ABD-0BF924B2BFD6}.Debug|Any CPU.Build.0 = Debug|Any CPU
		{ADA538C1-867E-4B76-9ABD-0BF924B2BFD6}.Release|Any CPU.ActiveCfg = Release|Any CPU
		{ADA538C1-867E-4B76-9ABD-0BF924B2BFD6}.Release|Any CPU.Build.0 = Release|Any CPU
		{FAF53962-AC19-4EED-AE9D-9501AABA3B15}.Debug|Any CPU.ActiveCfg = Debug|Any CPU
		{FAF53962-AC19-4EED-AE9D-9501AABA3B15}.Debug|Any CPU.Build.0 = Debug|Any CPU
		{FAF53962-AC19-4EED-AE9D-9501AABA3B15}.Release|Any CPU.ActiveCfg = Release|Any CPU
		{FAF53962-AC19-4EED-AE9D-9501AABA3B15}.Release|Any CPU.Build.0 = Release|Any CPU
	EndGlobalSection
	GlobalSection(SolutionProperties) = preSolution
		HideSolutionNode = FALSE
	EndGlobalSection
	GlobalSection(ExtensibilityGlobals) = postSolution
		SolutionGuid = {47E2E127-05C3-4F2C-B620-0762B3939B8E}
	EndGlobalSection
EndGlobal
